
Microsoft Visual Studio Solution File, Format Version 12.00
# Visual Studio 15
VisualStudioVersion = 15.0.27703.2026
MinimumVisualStudioVersion = 10.0.40219.1
Project("{FAE04EC0-301F-11D3-BF4B-00C04F79EFBC}") = "barcode", "barcode\barcode.csproj", "{0F8A4A1D-12D5-4F13-9B39-4CB59C8E176B}"
EndProject
Global
	GlobalSection(SolutionConfigurationPlatforms) = preSolution
		Debug|Any CPU = Debug|Any CPU
		Release|Any CPU = Release|Any CPU
	EndGlobalSection
	GlobalSection(ProjectConfigurationPlatforms) = postSolution
		{0F8A4A1D-12D5-4F13-9B39-4CB59C8E176B}.Debug|Any CPU.ActiveCfg = Debug|Any CPU
		{0F8A4A1D-12D5-4F13-9B39-4CB59C8E176B}.Debug|Any CPU.Build.0 = Debug|Any CPU
		{0F8A4A1D-12D5-4F13-9B39-4CB59C8E176B}.Release|Any CPU.ActiveCfg = Release|Any CPU
		{0F8A4A1D-12D5-4F13-9B39-4CB59C8E176B}.Release|Any CPU.Build.0 = Release|Any CPU
	EndGlobalSection
	GlobalSection(SolutionProperties) = preSolution
		HideSolutionNode = FALSE
	EndGlobalSection
	GlobalSection(ExtensibilityGlobals) = postSolution
		SolutionGuid = {B52B4FBD-B676-47D6-90FF-74014D434470}
	EndGlobalSection
EndGlobal
