
Microsoft Visual Studio Solution File, Format Version 12.00
# Visual Studio 15
VisualStudioVersion = 15.0.27004.2010
MinimumVisualStudioVersion = 10.0.40219.1
Project("{FAE04EC0-301F-11D3-BF4B-00C04F79EFBC}") = "TestTool", "TestTool\TestTool.csproj", "{DF814434-EB7E-43E6-837F-763F9F98260A}"
EndProject
Project("{FAE04EC0-301F-11D3-BF4B-00C04F79EFBC}") = "test_sample", "..\test_sample\test_sample\test_sample.csproj", "{C68E5092-4098-4B19-9998-18C177DFD529}"
EndProject
Project("{FAE04EC0-301F-11D3-BF4B-00C04F79EFBC}") = "audio", "..\audio\audio\audio.csproj", "{4886E8D2-CA00-4E62-8948-147C296506AD}"
EndProject
Project("{FAE04EC0-301F-11D3-BF4B-00C04F79EFBC}") = "usb", "..\usb\usb\usb.csproj", "{CD8EFC6E-4E1B-4D2D-85EB-8EC441DDCA93}"
EndProject
Project("{FAE04EC0-301F-11D3-BF4B-00C04F79EFBC}") = "SerialNumber", "..\SerialNumber\SerialNumber\SerialNumber.csproj", "{7FE051FA-AD4C-4C13-8FA1-8313395A1F8A}"
EndProject
Project("{FAE04EC0-301F-11D3-BF4B-00C04F79EFBC}") = "comport", "..\comport\comport\comport.csproj", "{76E2D4FE-A23E-4D64-9A1B-1C0C4598DD09}"
EndProject
Project("{FAE04EC0-301F-11D3-BF4B-00C04F79EFBC}") = "bluetooth", "..\bluetooth\bluetooth\bluetooth.csproj", "{9004C26B-39D8-4538-8F7D-77DC05552F94}"
EndProject
Project("{FAE04EC0-301F-11D3-BF4B-00C04F79EFBC}") = "wifi", "..\wifi\wifi\wifi.csproj", "{94E4A8A2-658E-445F-861E-BB8C59D96B48}"
EndProject
Project("{FAE04EC0-301F-11D3-BF4B-00C04F79EFBC}") = "lan", "..\lan\lan\lan.csproj", "{AAF19080-36B7-4B1A-95D5-7A21A0C8A7B1}"
EndProject
Project("{FAE04EC0-301F-11D3-BF4B-00C04F79EFBC}") = "camera", "..\camera\camera\camera.csproj", "{29C32A9B-6CC7-462C-B833-DAFC977092FE}"
EndProject
Project("{FAE04EC0-301F-11D3-BF4B-00C04F79EFBC}") = "lightsensor", "..\lightsensor\lightsensor\lightsensor.csproj", "{991F9013-1279-4CBD-B404-50FFDD1C3F33}"
EndProject
Project("{FAE04EC0-301F-11D3-BF4B-00C04F79EFBC}") = "rotation", "..\rotation\rotation\rotation.csproj", "{39E93F6B-18E9-4914-B0A3-EA309F89E138}"
EndProject
Global
	GlobalSection(SolutionConfigurationPlatforms) = preSolution
		Debug|Any CPU = Debug|Any CPU
		Release|Any CPU = Release|Any CPU
	EndGlobalSection
	GlobalSection(ProjectConfigurationPlatforms) = postSolution
		{DF814434-EB7E-43E6-837F-763F9F98260A}.Debug|Any CPU.ActiveCfg = Debug|Any CPU
		{DF814434-EB7E-43E6-837F-763F9F98260A}.Debug|Any CPU.Build.0 = Debug|Any CPU
		{DF814434-EB7E-43E6-837F-763F9F98260A}.Release|Any CPU.ActiveCfg = Release|Any CPU
		{DF814434-EB7E-43E6-837F-763F9F98260A}.Release|Any CPU.Build.0 = Release|Any CPU
		{C68E5092-4098-4B19-9998-18C177DFD529}.Debug|Any CPU.ActiveCfg = Debug|Any CPU
		{C68E5092-4098-4B19-9998-18C177DFD529}.Debug|Any CPU.Build.0 = Debug|Any CPU
		{C68E5092-4098-4B19-9998-18C177DFD529}.Release|Any CPU.ActiveCfg = Release|Any CPU
		{C68E5092-4098-4B19-9998-18C177DFD529}.Release|Any CPU.Build.0 = Release|Any CPU
		{4886E8D2-CA00-4E62-8948-147C296506AD}.Debug|Any CPU.ActiveCfg = Debug|Any CPU
		{4886E8D2-CA00-4E62-8948-147C296506AD}.Debug|Any CPU.Build.0 = Debug|Any CPU
		{4886E8D2-CA00-4E62-8948-147C296506AD}.Release|Any CPU.ActiveCfg = Release|Any CPU
		{4886E8D2-CA00-4E62-8948-147C296506AD}.Release|Any CPU.Build.0 = Release|Any CPU
		{CD8EFC6E-4E1B-4D2D-85EB-8EC441DDCA93}.Debug|Any CPU.ActiveCfg = Debug|Any CPU
		{CD8EFC6E-4E1B-4D2D-85EB-8EC441DDCA93}.Debug|Any CPU.Build.0 = Debug|Any CPU
		{CD8EFC6E-4E1B-4D2D-85EB-8EC441DDCA93}.Release|Any CPU.ActiveCfg = Release|Any CPU
		{CD8EFC6E-4E1B-4D2D-85EB-8EC441DDCA93}.Release|Any CPU.Build.0 = Release|Any CPU
		{7FE051FA-AD4C-4C13-8FA1-8313395A1F8A}.Debug|Any CPU.ActiveCfg = Debug|Any CPU
		{7FE051FA-AD4C-4C13-8FA1-8313395A1F8A}.Debug|Any CPU.Build.0 = Debug|Any CPU
		{7FE051FA-AD4C-4C13-8FA1-8313395A1F8A}.Release|Any CPU.ActiveCfg = Release|Any CPU
		{7FE051FA-AD4C-4C13-8FA1-8313395A1F8A}.Release|Any CPU.Build.0 = Release|Any CPU
		{76E2D4FE-A23E-4D64-9A1B-1C0C4598DD09}.Debug|Any CPU.ActiveCfg = Debug|Any CPU
		{76E2D4FE-A23E-4D64-9A1B-1C0C4598DD09}.Debug|Any CPU.Build.0 = Debug|Any CPU
		{76E2D4FE-A23E-4D64-9A1B-1C0C4598DD09}.Release|Any CPU.ActiveCfg = Release|Any CPU
		{76E2D4FE-A23E-4D64-9A1B-1C0C4598DD09}.Release|Any CPU.Build.0 = Release|Any CPU
		{9004C26B-39D8-4538-8F7D-77DC05552F94}.Debug|Any CPU.ActiveCfg = Debug|Any CPU
		{9004C26B-39D8-4538-8F7D-77DC05552F94}.Debug|Any CPU.Build.0 = Debug|Any CPU
		{9004C26B-39D8-4538-8F7D-77DC05552F94}.Release|Any CPU.ActiveCfg = Release|Any CPU
		{9004C26B-39D8-4538-8F7D-77DC05552F94}.Release|Any CPU.Build.0 = Release|Any CPU
		{94E4A8A2-658E-445F-861E-BB8C59D96B48}.Debug|Any CPU.ActiveCfg = Debug|Any CPU
		{94E4A8A2-658E-445F-861E-BB8C59D96B48}.Debug|Any CPU.Build.0 = Debug|Any CPU
		{94E4A8A2-658E-445F-861E-BB8C59D96B48}.Release|Any CPU.ActiveCfg = Release|Any CPU
		{94E4A8A2-658E-445F-861E-BB8C59D96B48}.Release|Any CPU.Build.0 = Release|Any CPU
		{AAF19080-36B7-4B1A-95D5-7A21A0C8A7B1}.Debug|Any CPU.ActiveCfg = Debug|Any CPU
		{AAF19080-36B7-4B1A-95D5-7A21A0C8A7B1}.Debug|Any CPU.Build.0 = Debug|Any CPU
		{AAF19080-36B7-4B1A-95D5-7A21A0C8A7B1}.Release|Any CPU.ActiveCfg = Release|Any CPU
		{AAF19080-36B7-4B1A-95D5-7A21A0C8A7B1}.Release|Any CPU.Build.0 = Release|Any CPU
		{29C32A9B-6CC7-462C-B833-DAFC977092FE}.Debug|Any CPU.ActiveCfg = Debug|Any CPU
		{29C32A9B-6CC7-462C-B833-DAFC977092FE}.Debug|Any CPU.Build.0 = Debug|Any CPU
		{29C32A9B-6CC7-462C-B833-DAFC977092FE}.Release|Any CPU.ActiveCfg = Release|Any CPU
		{29C32A9B-6CC7-462C-B833-DAFC977092FE}.Release|Any CPU.Build.0 = Release|Any CPU
		{991F9013-1279-4CBD-B404-50FFDD1C3F33}.Debug|Any CPU.ActiveCfg = Debug|Any CPU
		{991F9013-1279-4CBD-B404-50FFDD1C3F33}.Debug|Any CPU.Build.0 = Debug|Any CPU
		{991F9013-1279-4CBD-B404-50FFDD1C3F33}.Release|Any CPU.ActiveCfg = Release|Any CPU
		{991F9013-1279-4CBD-B404-50FFDD1C3F33}.Release|Any CPU.Build.0 = Release|Any CPU
		{39E93F6B-18E9-4914-B0A3-EA309F89E138}.Debug|Any CPU.ActiveCfg = Debug|Any CPU
		{39E93F6B-18E9-4914-B0A3-EA309F89E138}.Debug|Any CPU.Build.0 = Debug|Any CPU
		{39E93F6B-18E9-4914-B0A3-EA309F89E138}.Release|Any CPU.ActiveCfg = Release|Any CPU
		{39E93F6B-18E9-4914-B0A3-EA309F89E138}.Release|Any CPU.Build.0 = Release|Any CPU
	EndGlobalSection
	GlobalSection(SolutionProperties) = preSolution
		HideSolutionNode = FALSE
	EndGlobalSection
	GlobalSection(ExtensibilityGlobals) = postSolution
		SolutionGuid = {DEC56329-56CD-40D2-AEB3-66F6368F192A}
	EndGlobalSection
EndGlobal
