
Microsoft Visual Studio Solution File, Format Version 12.00
# Visual Studio 15
VisualStudioVersion = 15.0.27703.2026
MinimumVisualStudioVersion = 10.0.40219.1
Project("{FAE04EC0-301F-11D3-BF4B-00C04F79EFBC}") = "TestTool", "TestTool\TestTool.csproj", "{DF814434-EB7E-43E6-837F-763F9F98260A}"
EndProject
Project("{FAE04EC0-301F-11D3-BF4B-00C04F79EFBC}") = "test_sample", "..\test_sample\test_sample\test_sample.csproj", "{C68E5092-4098-4B19-9998-18C177DFD529}"
EndProject
Global
	GlobalSection(SolutionConfigurationPlatforms) = preSolution
		Debug|Any CPU = Debug|Any CPU
		Release|Any CPU = Release|Any CPU
	EndGlobalSection
	GlobalSection(ProjectConfigurationPlatforms) = postSolution
		{DF814434-EB7E-43E6-837F-763F9F98260A}.Debug|Any CPU.ActiveCfg = Debug|Any CPU
		{DF814434-EB7E-43E6-837F-763F9F98260A}.Debug|Any CPU.Build.0 = Debug|Any CPU
		{DF814434-EB7E-43E6-837F-763F9F98260A}.Release|Any CPU.ActiveCfg = Release|Any CPU
		{DF814434-EB7E-43E6-837F-763F9F98260A}.Release|Any CPU.Build.0 = Release|Any CPU
		{C68E5092-4098-4B19-9998-18C177DFD529}.Debug|Any CPU.ActiveCfg = Debug|Any CPU
		{C68E5092-4098-4B19-9998-18C177DFD529}.Debug|Any CPU.Build.0 = Debug|Any CPU
		{C68E5092-4098-4B19-9998-18C177DFD529}.Release|Any CPU.ActiveCfg = Release|Any CPU
		{C68E5092-4098-4B19-9998-18C177DFD529}.Release|Any CPU.Build.0 = Release|Any CPU
	EndGlobalSection
	GlobalSection(SolutionProperties) = preSolution
		HideSolutionNode = FALSE
	EndGlobalSection
	GlobalSection(ExtensibilityGlobals) = postSolution
		SolutionGuid = {DEC56329-56CD-40D2-AEB3-66F6368F192A}
	EndGlobalSection
EndGlobal
