
Microsoft Visual Studio Solution File, Format Version 12.00
# Visual Studio 15
VisualStudioVersion = 15.0.27703.2026
MinimumVisualStudioVersion = 10.0.40219.1
Project("{FAE04EC0-301F-11D3-BF4B-00C04F79EFBC}") = "audio", "audio\audio.csproj", "{4886E8D2-CA00-4E62-8948-147C296506AD}"
EndProject
Global
	GlobalSection(SolutionConfigurationPlatforms) = preSolution
		Debug|Any CPU = Debug|Any CPU
		Release|Any CPU = Release|Any CPU
	EndGlobalSection
	GlobalSection(ProjectConfigurationPlatforms) = postSolution
		{4886E8D2-CA00-4E62-8948-147C296506AD}.Debug|Any CPU.ActiveCfg = Debug|Any CPU
		{4886E8D2-CA00-4E62-8948-147C296506AD}.Debug|Any CPU.Build.0 = Debug|Any CPU
		{4886E8D2-CA00-4E62-8948-147C296506AD}.Release|Any CPU.ActiveCfg = Release|Any CPU
		{4886E8D2-CA00-4E62-8948-147C296506AD}.Release|Any CPU.Build.0 = Release|Any CPU
	EndGlobalSection
	GlobalSection(SolutionProperties) = preSolution
		HideSolutionNode = FALSE
	EndGlobalSection
	GlobalSection(ExtensibilityGlobals) = postSolution
		SolutionGuid = {2E2E47F7-D455-4B07-BB16-D59E7443B355}
	EndGlobalSection
EndGlobal
