
Microsoft Visual Studio Solution File, Format Version 12.00
# Visual Studio 15
VisualStudioVersion = 15.0.27703.2026
MinimumVisualStudioVersion = 10.0.40219.1
Project("{FAE04EC0-301F-11D3-BF4B-00C04F79EFBC}") = "audiojack", "audiojack\audiojack.csproj", "{E01A5AAF-BAEF-4694-B406-5F599AA6658B}"
EndProject
Global
	GlobalSection(SolutionConfigurationPlatforms) = preSolution
		Debug|Any CPU = Debug|Any CPU
		Release|Any CPU = Release|Any CPU
	EndGlobalSection
	GlobalSection(ProjectConfigurationPlatforms) = postSolution
		{E01A5AAF-BAEF-4694-B406-5F599AA6658B}.Debug|Any CPU.ActiveCfg = Debug|Any CPU
		{E01A5AAF-BAEF-4694-B406-5F599AA6658B}.Debug|Any CPU.Build.0 = Debug|Any CPU
		{E01A5AAF-BAEF-4694-B406-5F599AA6658B}.Release|Any CPU.ActiveCfg = Release|Any CPU
		{E01A5AAF-BAEF-4694-B406-5F599AA6658B}.Release|Any CPU.Build.0 = Release|Any CPU
	EndGlobalSection
	GlobalSection(SolutionProperties) = preSolution
		HideSolutionNode = FALSE
	EndGlobalSection
	GlobalSection(ExtensibilityGlobals) = postSolution
		SolutionGuid = {FD9B7621-FC73-4D88-ADFE-5EA54119A806}
	EndGlobalSection
EndGlobal
