
Microsoft Visual Studio Solution File, Format Version 12.00
# Visual Studio 15
VisualStudioVersion = 15.0.27703.2026
MinimumVisualStudioVersion = 10.0.40219.1
Project("{FAE04EC0-301F-11D3-BF4B-00C04F79EFBC}") = "battery", "battery\battery.csproj", "{8880046C-C83E-41CF-920A-60D9E7070246}"
EndProject
Global
	GlobalSection(SolutionConfigurationPlatforms) = preSolution
		Debug|Any CPU = Debug|Any CPU
		Release|Any CPU = Release|Any CPU
	EndGlobalSection
	GlobalSection(ProjectConfigurationPlatforms) = postSolution
		{8880046C-C83E-41CF-920A-60D9E7070246}.Debug|Any CPU.ActiveCfg = Debug|Any CPU
		{8880046C-C83E-41CF-920A-60D9E7070246}.Debug|Any CPU.Build.0 = Debug|Any CPU
		{8880046C-C83E-41CF-920A-60D9E7070246}.Release|Any CPU.ActiveCfg = Release|Any CPU
		{8880046C-C83E-41CF-920A-60D9E7070246}.Release|Any CPU.Build.0 = Release|Any CPU
	EndGlobalSection
	GlobalSection(SolutionProperties) = preSolution
		HideSolutionNode = FALSE
	EndGlobalSection
	GlobalSection(ExtensibilityGlobals) = postSolution
		SolutionGuid = {8D21EE52-254A-4A07-9D66-33366BB7F79A}
	EndGlobalSection
EndGlobal
